
Microsoft Visual Studio Solution File, Format Version 12.00
# Visual Studio 15
Project("{FAE04EC0-301F-11D3-BF4B-00C04F79EFBC}") = "Assembly-CSharp", "Assembly-CSharp.csproj", "{BA010AD5-DED4-A884-BE6D-AEDB0A8941D2}"
EndProject
Project("{FAE04EC0-301F-11D3-BF4B-00C04F79EFBC}") = "ILRuntime", "ILRuntime.csproj", "{03BAAAB3-645B-3360-E1AE-378D390A9288}"
EndProject
Project("{FAE04EC0-301F-11D3-BF4B-00C04F79EFBC}") = "SteamVR", "SteamVR.csproj", "{644A7F0D-E01D-3B2C-6942-2C20A97D56C1}"
EndProject
Project("{FAE04EC0-301F-11D3-BF4B-00C04F79EFBC}") = "ZFBrowser", "ZFBrowser.csproj", "{2BD7536A-5682-12FA-6FA0-94F0D935FDF7}"
EndProject
Project("{FAE04EC0-301F-11D3-BF4B-00C04F79EFBC}") = "CircularScrollingList", "CircularScrollingList.csproj", "{FDB99BC9-85C3-16B4-A2FC-FD26BAA1A4ED}"
EndProject
Project("{FAE04EC0-301F-11D3-BF4B-00C04F79EFBC}") = "AVProVideo.Runtime", "AVProVideo.Runtime.csproj", "{4039A8EF-5624-4887-2D66-F0017545F3E1}"
EndProject
Project("{FAE04EC0-301F-11D3-BF4B-00C04F79EFBC}") = "AVProVideo.Extensions.UnityUI", "AVProVideo.Extensions.UnityUI.csproj", "{36EAC9E2-A71A-B931-17AE-C903899745E9}"
EndProject
Project("{FAE04EC0-301F-11D3-BF4B-00C04F79EFBC}") = "AVProVideo.Extensions.VisualEffectGraph", "AVProVideo.Extensions.VisualEffectGraph.csproj", "{0F114C7B-CD19-0AF8-3B1D-23CD1F86FC6B}"
EndProject
Project("{FAE04EC0-301F-11D3-BF4B-00C04F79EFBC}") = "AVProVideo.Demos", "AVProVideo.Demos.csproj", "{802A3760-727E-6113-8BB5-5E9824457FC1}"
EndProject
Project("{FAE04EC0-301F-11D3-BF4B-00C04F79EFBC}") = "SteamVR_Actions", "SteamVR_Actions.csproj", "{76DC8220-2048-B6B6-49C8-6E4ECD3B62BD}"
EndProject
Project("{FAE04EC0-301F-11D3-BF4B-00C04F79EFBC}") = "AVProVideo.Extensions.Timeline", "AVProVideo.Extensions.Timeline.csproj", "{267F6683-D0D6-37CB-9423-E9568B2A5D7B}"
EndProject
Project("{FAE04EC0-301F-11D3-BF4B-00C04F79EFBC}") = "endel.nativewebsocket", "endel.nativewebsocket.csproj", "{279B0D18-AC03-108F-E657-0D51D527207C}"
EndProject
Project("{FAE04EC0-301F-11D3-BF4B-00C04F79EFBC}") = "SteamVR_Editor", "SteamVR_Editor.csproj", "{D95D0FBB-1E2B-7317-099A-50FB03428DD5}"
EndProject
Project("{FAE04EC0-301F-11D3-BF4B-00C04F79EFBC}") = "Assembly-CSharp-Editor", "Assembly-CSharp-Editor.csproj", "{03B25E97-FDBA-11F2-0312-43D2602C6AF7}"
EndProject
Project("{FAE04EC0-301F-11D3-BF4B-00C04F79EFBC}") = "ZFBrowser-Editor", "ZFBrowser-Editor.csproj", "{78C1C179-1975-32EA-B83D-BA54B8CAB566}"
EndProject
Project("{FAE04EC0-301F-11D3-BF4B-00C04F79EFBC}") = "SteamVR_Input_Editor", "SteamVR_Input_Editor.csproj", "{C8D605C7-E981-58F5-521A-D40B0ED5CCED}"
EndProject
Project("{FAE04EC0-301F-11D3-BF4B-00C04F79EFBC}") = "AVProVideo.Editor", "AVProVideo.Editor.csproj", "{EC153215-A279-CD3E-82BE-046E627588A4}"
EndProject
Project("{FAE04EC0-301F-11D3-BF4B-00C04F79EFBC}") = "AVProVideo.Extensions.UnityUI.Editor", "AVProVideo.Extensions.UnityUI.Editor.csproj", "{AA2AE2B5-3F62-4233-E145-6ABEA4BF2E89}"
EndProject
Project("{FAE04EC0-301F-11D3-BF4B-00C04F79EFBC}") = "SteamVR_Windows_EditorHelper", "SteamVR_Windows_EditorHelper.csproj", "{875850EC-675D-0618-6E41-2D77C2E8635D}"
EndProject
Project("{FAE04EC0-301F-11D3-BF4B-00C04F79EFBC}") = "CircularScrollingList.Editor", "CircularScrollingList.Editor.csproj", "{2D34862F-03A8-F101-44A9-246A67EFEBFD}"
EndProject
Global
	GlobalSection(SolutionConfigurationPlatforms) = preSolution
		Debug|Any CPU = Debug|Any CPU
		Release|Any CPU = Release|Any CPU
	EndGlobalSection
	GlobalSection(ProjectConfigurationPlatforms) = postSolution
		{BA010AD5-DED4-A884-BE6D-AEDB0A8941D2}.Debug|Any CPU.ActiveCfg = Debug|Any CPU
		{BA010AD5-DED4-A884-BE6D-AEDB0A8941D2}.Debug|Any CPU.Build.0 = Debug|Any CPU
		{BA010AD5-DED4-A884-BE6D-AEDB0A8941D2}.Release|Any CPU.ActiveCfg = Release|Any CPU
		{BA010AD5-DED4-A884-BE6D-AEDB0A8941D2}.Release|Any CPU.Build.0 = Release|Any CPU
		{03BAAAB3-645B-3360-E1AE-378D390A9288}.Debug|Any CPU.ActiveCfg = Debug|Any CPU
		{03BAAAB3-645B-3360-E1AE-378D390A9288}.Debug|Any CPU.Build.0 = Debug|Any CPU
		{03BAAAB3-645B-3360-E1AE-378D390A9288}.Release|Any CPU.ActiveCfg = Release|Any CPU
		{03BAAAB3-645B-3360-E1AE-378D390A9288}.Release|Any CPU.Build.0 = Release|Any CPU
		{644A7F0D-E01D-3B2C-6942-2C20A97D56C1}.Debug|Any CPU.ActiveCfg = Debug|Any CPU
		{644A7F0D-E01D-3B2C-6942-2C20A97D56C1}.Debug|Any CPU.Build.0 = Debug|Any CPU
		{644A7F0D-E01D-3B2C-6942-2C20A97D56C1}.Release|Any CPU.ActiveCfg = Release|Any CPU
		{644A7F0D-E01D-3B2C-6942-2C20A97D56C1}.Release|Any CPU.Build.0 = Release|Any CPU
		{2BD7536A-5682-12FA-6FA0-94F0D935FDF7}.Debug|Any CPU.ActiveCfg = Debug|Any CPU
		{2BD7536A-5682-12FA-6FA0-94F0D935FDF7}.Debug|Any CPU.Build.0 = Debug|Any CPU
		{2BD7536A-5682-12FA-6FA0-94F0D935FDF7}.Release|Any CPU.ActiveCfg = Release|Any CPU
		{2BD7536A-5682-12FA-6FA0-94F0D935FDF7}.Release|Any CPU.Build.0 = Release|Any CPU
		{FDB99BC9-85C3-16B4-A2FC-FD26BAA1A4ED}.Debug|Any CPU.ActiveCfg = Debug|Any CPU
		{FDB99BC9-85C3-16B4-A2FC-FD26BAA1A4ED}.Debug|Any CPU.Build.0 = Debug|Any CPU
		{FDB99BC9-85C3-16B4-A2FC-FD26BAA1A4ED}.Release|Any CPU.ActiveCfg = Release|Any CPU
		{FDB99BC9-85C3-16B4-A2FC-FD26BAA1A4ED}.Release|Any CPU.Build.0 = Release|Any CPU
		{4039A8EF-5624-4887-2D66-F0017545F3E1}.Debug|Any CPU.ActiveCfg = Debug|Any CPU
		{4039A8EF-5624-4887-2D66-F0017545F3E1}.Debug|Any CPU.Build.0 = Debug|Any CPU
		{4039A8EF-5624-4887-2D66-F0017545F3E1}.Release|Any CPU.ActiveCfg = Release|Any CPU
		{4039A8EF-5624-4887-2D66-F0017545F3E1}.Release|Any CPU.Build.0 = Release|Any CPU
		{36EAC9E2-A71A-B931-17AE-C903899745E9}.Debug|Any CPU.ActiveCfg = Debug|Any CPU
		{36EAC9E2-A71A-B931-17AE-C903899745E9}.Debug|Any CPU.Build.0 = Debug|Any CPU
		{36EAC9E2-A71A-B931-17AE-C903899745E9}.Release|Any CPU.ActiveCfg = Release|Any CPU
		{36EAC9E2-A71A-B931-17AE-C903899745E9}.Release|Any CPU.Build.0 = Release|Any CPU
		{0F114C7B-CD19-0AF8-3B1D-23CD1F86FC6B}.Debug|Any CPU.ActiveCfg = Debug|Any CPU
		{0F114C7B-CD19-0AF8-3B1D-23CD1F86FC6B}.Debug|Any CPU.Build.0 = Debug|Any CPU
		{0F114C7B-CD19-0AF8-3B1D-23CD1F86FC6B}.Release|Any CPU.ActiveCfg = Release|Any CPU
		{0F114C7B-CD19-0AF8-3B1D-23CD1F86FC6B}.Release|Any CPU.Build.0 = Release|Any CPU
		{802A3760-727E-6113-8BB5-5E9824457FC1}.Debug|Any CPU.ActiveCfg = Debug|Any CPU
		{802A3760-727E-6113-8BB5-5E9824457FC1}.Debug|Any CPU.Build.0 = Debug|Any CPU
		{802A3760-727E-6113-8BB5-5E9824457FC1}.Release|Any CPU.ActiveCfg = Release|Any CPU
		{802A3760-727E-6113-8BB5-5E9824457FC1}.Release|Any CPU.Build.0 = Release|Any CPU
		{76DC8220-2048-B6B6-49C8-6E4ECD3B62BD}.Debug|Any CPU.ActiveCfg = Debug|Any CPU
		{76DC8220-2048-B6B6-49C8-6E4ECD3B62BD}.Debug|Any CPU.Build.0 = Debug|Any CPU
		{76DC8220-2048-B6B6-49C8-6E4ECD3B62BD}.Release|Any CPU.ActiveCfg = Release|Any CPU
		{76DC8220-2048-B6B6-49C8-6E4ECD3B62BD}.Release|Any CPU.Build.0 = Release|Any CPU
		{267F6683-D0D6-37CB-9423-E9568B2A5D7B}.Debug|Any CPU.ActiveCfg = Debug|Any CPU
		{267F6683-D0D6-37CB-9423-E9568B2A5D7B}.Debug|Any CPU.Build.0 = Debug|Any CPU
		{267F6683-D0D6-37CB-9423-E9568B2A5D7B}.Release|Any CPU.ActiveCfg = Release|Any CPU
		{267F6683-D0D6-37CB-9423-E9568B2A5D7B}.Release|Any CPU.Build.0 = Release|Any CPU
		{279B0D18-AC03-108F-E657-0D51D527207C}.Debug|Any CPU.ActiveCfg = Debug|Any CPU
		{279B0D18-AC03-108F-E657-0D51D527207C}.Debug|Any CPU.Build.0 = Debug|Any CPU
		{279B0D18-AC03-108F-E657-0D51D527207C}.Release|Any CPU.ActiveCfg = Release|Any CPU
		{279B0D18-AC03-108F-E657-0D51D527207C}.Release|Any CPU.Build.0 = Release|Any CPU
		{D95D0FBB-1E2B-7317-099A-50FB03428DD5}.Debug|Any CPU.ActiveCfg = Debug|Any CPU
		{D95D0FBB-1E2B-7317-099A-50FB03428DD5}.Debug|Any CPU.Build.0 = Debug|Any CPU
		{D95D0FBB-1E2B-7317-099A-50FB03428DD5}.Release|Any CPU.ActiveCfg = Release|Any CPU
		{D95D0FBB-1E2B-7317-099A-50FB03428DD5}.Release|Any CPU.Build.0 = Release|Any CPU
		{03B25E97-FDBA-11F2-0312-43D2602C6AF7}.Debug|Any CPU.ActiveCfg = Debug|Any CPU
		{03B25E97-FDBA-11F2-0312-43D2602C6AF7}.Debug|Any CPU.Build.0 = Debug|Any CPU
		{03B25E97-FDBA-11F2-0312-43D2602C6AF7}.Release|Any CPU.ActiveCfg = Release|Any CPU
		{03B25E97-FDBA-11F2-0312-43D2602C6AF7}.Release|Any CPU.Build.0 = Release|Any CPU
		{78C1C179-1975-32EA-B83D-BA54B8CAB566}.Debug|Any CPU.ActiveCfg = Debug|Any CPU
		{78C1C179-1975-32EA-B83D-BA54B8CAB566}.Debug|Any CPU.Build.0 = Debug|Any CPU
		{78C1C179-1975-32EA-B83D-BA54B8CAB566}.Release|Any CPU.ActiveCfg = Release|Any CPU
		{78C1C179-1975-32EA-B83D-BA54B8CAB566}.Release|Any CPU.Build.0 = Release|Any CPU
		{C8D605C7-E981-58F5-521A-D40B0ED5CCED}.Debug|Any CPU.ActiveCfg = Debug|Any CPU
		{C8D605C7-E981-58F5-521A-D40B0ED5CCED}.Debug|Any CPU.Build.0 = Debug|Any CPU
		{C8D605C7-E981-58F5-521A-D40B0ED5CCED}.Release|Any CPU.ActiveCfg = Release|Any CPU
		{C8D605C7-E981-58F5-521A-D40B0ED5CCED}.Release|Any CPU.Build.0 = Release|Any CPU
		{EC153215-A279-CD3E-82BE-046E627588A4}.Debug|Any CPU.ActiveCfg = Debug|Any CPU
		{EC153215-A279-CD3E-82BE-046E627588A4}.Debug|Any CPU.Build.0 = Debug|Any CPU
		{EC153215-A279-CD3E-82BE-046E627588A4}.Release|Any CPU.ActiveCfg = Release|Any CPU
		{EC153215-A279-CD3E-82BE-046E627588A4}.Release|Any CPU.Build.0 = Release|Any CPU
		{AA2AE2B5-3F62-4233-E145-6ABEA4BF2E89}.Debug|Any CPU.ActiveCfg = Debug|Any CPU
		{AA2AE2B5-3F62-4233-E145-6ABEA4BF2E89}.Debug|Any CPU.Build.0 = Debug|Any CPU
		{AA2AE2B5-3F62-4233-E145-6ABEA4BF2E89}.Release|Any CPU.ActiveCfg = Release|Any CPU
		{AA2AE2B5-3F62-4233-E145-6ABEA4BF2E89}.Release|Any CPU.Build.0 = Release|Any CPU
		{875850EC-675D-0618-6E41-2D77C2E8635D}.Debug|Any CPU.ActiveCfg = Debug|Any CPU
		{875850EC-675D-0618-6E41-2D77C2E8635D}.Debug|Any CPU.Build.0 = Debug|Any CPU
		{875850EC-675D-0618-6E41-2D77C2E8635D}.Release|Any CPU.ActiveCfg = Release|Any CPU
		{875850EC-675D-0618-6E41-2D77C2E8635D}.Release|Any CPU.Build.0 = Release|Any CPU
		{2D34862F-03A8-F101-44A9-246A67EFEBFD}.Debug|Any CPU.ActiveCfg = Debug|Any CPU
		{2D34862F-03A8-F101-44A9-246A67EFEBFD}.Debug|Any CPU.Build.0 = Debug|Any CPU
		{2D34862F-03A8-F101-44A9-246A67EFEBFD}.Release|Any CPU.ActiveCfg = Release|Any CPU
		{2D34862F-03A8-F101-44A9-246A67EFEBFD}.Release|Any CPU.Build.0 = Release|Any CPU
	EndGlobalSection
	GlobalSection(SolutionProperties) = preSolution
		HideSolutionNode = FALSE
	EndGlobalSection
EndGlobal
