
Microsoft Visual Studio Solution File, Format Version 12.00
# Visual Studio 15
Project("{FAE04EC0-301F-11D3-BF4B-00C04F79EFBC}") = "Assembly-CSharp", "Assembly-CSharp.csproj", "{99966864-00D2-254C-34D7-B7449A5B1FC7}"
EndProject
Project("{FAE04EC0-301F-11D3-BF4B-00C04F79EFBC}") = "ILRuntime", "ILRuntime.csproj", "{AEB558F7-DC05-7769-7E02-7B3CD31C1DB6}"
EndProject
Project("{FAE04EC0-301F-11D3-BF4B-00C04F79EFBC}") = "SteamVR", "SteamVR.csproj", "{3B2F8367-CF0C-6E3E-609A-A568D49A271A}"
EndProject
Project("{FAE04EC0-301F-11D3-BF4B-00C04F79EFBC}") = "CircularScrollingList", "CircularScrollingList.csproj", "{D770581A-699F-7A13-EF74-F2E9CCEB5C6D}"
EndProject
Project("{FAE04EC0-301F-11D3-BF4B-00C04F79EFBC}") = "SteamVR_Actions", "SteamVR_Actions.csproj", "{4BC3F1B6-E493-DDA3-828C-7080A1D49AFB}"
EndProject
Project("{FAE04EC0-301F-11D3-BF4B-00C04F79EFBC}") = "ZFBrowser", "ZFBrowser.csproj", "{D5B15061-FCF2-0363-87AB-07341382992B}"
EndProject
Project("{FAE04EC0-301F-11D3-BF4B-00C04F79EFBC}") = "SteamVR_Editor", "SteamVR_Editor.csproj", "{029138CA-6D82-261A-F88C-9C6692D79491}"
EndProject
Project("{FAE04EC0-301F-11D3-BF4B-00C04F79EFBC}") = "Assembly-CSharp-Editor", "Assembly-CSharp-Editor.csproj", "{B3343451-8172-6B6B-0DB2-CA67484F514C}"
EndProject
Project("{FAE04EC0-301F-11D3-BF4B-00C04F79EFBC}") = "SteamVR_Input_Editor", "SteamVR_Input_Editor.csproj", "{2FB6A4E8-2E1A-C314-1321-15EB3036628D}"
EndProject
Project("{FAE04EC0-301F-11D3-BF4B-00C04F79EFBC}") = "SteamVR_Windows_EditorHelper", "SteamVR_Windows_EditorHelper.csproj", "{5313027B-EDE3-0AF0-5E8C-197F042E3AF1}"
EndProject
Project("{FAE04EC0-301F-11D3-BF4B-00C04F79EFBC}") = "CircularScrollingList.Editor", "CircularScrollingList.Editor.csproj", "{D4FA16D4-0450-65AB-FE65-965773FD3C68}"
EndProject
Project("{FAE04EC0-301F-11D3-BF4B-00C04F79EFBC}") = "ZFBrowser-Editor", "ZFBrowser-Editor.csproj", "{0213EF8F-B992-53C1-A113-42C587976F33}"
EndProject
Global
	GlobalSection(SolutionConfigurationPlatforms) = preSolution
		Debug|Any CPU = Debug|Any CPU
		Release|Any CPU = Release|Any CPU
	EndGlobalSection
	GlobalSection(ProjectConfigurationPlatforms) = postSolution
		{99966864-00D2-254C-34D7-B7449A5B1FC7}.Debug|Any CPU.ActiveCfg = Debug|Any CPU
		{99966864-00D2-254C-34D7-B7449A5B1FC7}.Debug|Any CPU.Build.0 = Debug|Any CPU
		{99966864-00D2-254C-34D7-B7449A5B1FC7}.Release|Any CPU.ActiveCfg = Release|Any CPU
		{99966864-00D2-254C-34D7-B7449A5B1FC7}.Release|Any CPU.Build.0 = Release|Any CPU
		{AEB558F7-DC05-7769-7E02-7B3CD31C1DB6}.Debug|Any CPU.ActiveCfg = Debug|Any CPU
		{AEB558F7-DC05-7769-7E02-7B3CD31C1DB6}.Debug|Any CPU.Build.0 = Debug|Any CPU
		{AEB558F7-DC05-7769-7E02-7B3CD31C1DB6}.Release|Any CPU.ActiveCfg = Release|Any CPU
		{AEB558F7-DC05-7769-7E02-7B3CD31C1DB6}.Release|Any CPU.Build.0 = Release|Any CPU
		{3B2F8367-CF0C-6E3E-609A-A568D49A271A}.Debug|Any CPU.ActiveCfg = Debug|Any CPU
		{3B2F8367-CF0C-6E3E-609A-A568D49A271A}.Debug|Any CPU.Build.0 = Debug|Any CPU
		{3B2F8367-CF0C-6E3E-609A-A568D49A271A}.Release|Any CPU.ActiveCfg = Release|Any CPU
		{3B2F8367-CF0C-6E3E-609A-A568D49A271A}.Release|Any CPU.Build.0 = Release|Any CPU
		{D770581A-699F-7A13-EF74-F2E9CCEB5C6D}.Debug|Any CPU.ActiveCfg = Debug|Any CPU
		{D770581A-699F-7A13-EF74-F2E9CCEB5C6D}.Debug|Any CPU.Build.0 = Debug|Any CPU
		{D770581A-699F-7A13-EF74-F2E9CCEB5C6D}.Release|Any CPU.ActiveCfg = Release|Any CPU
		{D770581A-699F-7A13-EF74-F2E9CCEB5C6D}.Release|Any CPU.Build.0 = Release|Any CPU
		{4BC3F1B6-E493-DDA3-828C-7080A1D49AFB}.Debug|Any CPU.ActiveCfg = Debug|Any CPU
		{4BC3F1B6-E493-DDA3-828C-7080A1D49AFB}.Debug|Any CPU.Build.0 = Debug|Any CPU
		{4BC3F1B6-E493-DDA3-828C-7080A1D49AFB}.Release|Any CPU.ActiveCfg = Release|Any CPU
		{4BC3F1B6-E493-DDA3-828C-7080A1D49AFB}.Release|Any CPU.Build.0 = Release|Any CPU
		{D5B15061-FCF2-0363-87AB-07341382992B}.Debug|Any CPU.ActiveCfg = Debug|Any CPU
		{D5B15061-FCF2-0363-87AB-07341382992B}.Debug|Any CPU.Build.0 = Debug|Any CPU
		{D5B15061-FCF2-0363-87AB-07341382992B}.Release|Any CPU.ActiveCfg = Release|Any CPU
		{D5B15061-FCF2-0363-87AB-07341382992B}.Release|Any CPU.Build.0 = Release|Any CPU
		{029138CA-6D82-261A-F88C-9C6692D79491}.Debug|Any CPU.ActiveCfg = Debug|Any CPU
		{029138CA-6D82-261A-F88C-9C6692D79491}.Debug|Any CPU.Build.0 = Debug|Any CPU
		{029138CA-6D82-261A-F88C-9C6692D79491}.Release|Any CPU.ActiveCfg = Release|Any CPU
		{029138CA-6D82-261A-F88C-9C6692D79491}.Release|Any CPU.Build.0 = Release|Any CPU
		{B3343451-8172-6B6B-0DB2-CA67484F514C}.Debug|Any CPU.ActiveCfg = Debug|Any CPU
		{B3343451-8172-6B6B-0DB2-CA67484F514C}.Debug|Any CPU.Build.0 = Debug|Any CPU
		{B3343451-8172-6B6B-0DB2-CA67484F514C}.Release|Any CPU.ActiveCfg = Release|Any CPU
		{B3343451-8172-6B6B-0DB2-CA67484F514C}.Release|Any CPU.Build.0 = Release|Any CPU
		{2FB6A4E8-2E1A-C314-1321-15EB3036628D}.Debug|Any CPU.ActiveCfg = Debug|Any CPU
		{2FB6A4E8-2E1A-C314-1321-15EB3036628D}.Debug|Any CPU.Build.0 = Debug|Any CPU
		{2FB6A4E8-2E1A-C314-1321-15EB3036628D}.Release|Any CPU.ActiveCfg = Release|Any CPU
		{2FB6A4E8-2E1A-C314-1321-15EB3036628D}.Release|Any CPU.Build.0 = Release|Any CPU
		{5313027B-EDE3-0AF0-5E8C-197F042E3AF1}.Debug|Any CPU.ActiveCfg = Debug|Any CPU
		{5313027B-EDE3-0AF0-5E8C-197F042E3AF1}.Debug|Any CPU.Build.0 = Debug|Any CPU
		{5313027B-EDE3-0AF0-5E8C-197F042E3AF1}.Release|Any CPU.ActiveCfg = Release|Any CPU
		{5313027B-EDE3-0AF0-5E8C-197F042E3AF1}.Release|Any CPU.Build.0 = Release|Any CPU
		{D4FA16D4-0450-65AB-FE65-965773FD3C68}.Debug|Any CPU.ActiveCfg = Debug|Any CPU
		{D4FA16D4-0450-65AB-FE65-965773FD3C68}.Debug|Any CPU.Build.0 = Debug|Any CPU
		{D4FA16D4-0450-65AB-FE65-965773FD3C68}.Release|Any CPU.ActiveCfg = Release|Any CPU
		{D4FA16D4-0450-65AB-FE65-965773FD3C68}.Release|Any CPU.Build.0 = Release|Any CPU
		{0213EF8F-B992-53C1-A113-42C587976F33}.Debug|Any CPU.ActiveCfg = Debug|Any CPU
		{0213EF8F-B992-53C1-A113-42C587976F33}.Debug|Any CPU.Build.0 = Debug|Any CPU
		{0213EF8F-B992-53C1-A113-42C587976F33}.Release|Any CPU.ActiveCfg = Release|Any CPU
		{0213EF8F-B992-53C1-A113-42C587976F33}.Release|Any CPU.Build.0 = Release|Any CPU
	EndGlobalSection
	GlobalSection(SolutionProperties) = preSolution
		HideSolutionNode = FALSE
	EndGlobalSection
EndGlobal
