
Microsoft Visual Studio Solution File, Format Version 12.00
# Visual Studio 15
Project("{FAE04EC0-301F-11D3-BF4B-00C04F79EFBC}") = "Assembly-CSharp", "Assembly-CSharp.csproj", "{A61D5A98-A7DB-27DE-7504-32A92662D7AD}"
EndProject
Project("{FAE04EC0-301F-11D3-BF4B-00C04F79EFBC}") = "ILRuntime", "ILRuntime.csproj", "{F7144F4E-CDC3-9303-E802-6C48839FA8E2}"
EndProject
Project("{FAE04EC0-301F-11D3-BF4B-00C04F79EFBC}") = "SteamVR", "SteamVR.csproj", "{D59CBFC1-1D6D-B07B-87F4-242D4A7BCBED}"
EndProject
Project("{FAE04EC0-301F-11D3-BF4B-00C04F79EFBC}") = "CircularScrollingList", "CircularScrollingList.csproj", "{2DE7AE8C-192A-361B-0111-C7A6692488FA}"
EndProject
Project("{FAE04EC0-301F-11D3-BF4B-00C04F79EFBC}") = "SteamVR_Actions", "SteamVR_Actions.csproj", "{A4074A4E-C33C-049A-E125-6D086B8D9A5E}"
EndProject
Project("{FAE04EC0-301F-11D3-BF4B-00C04F79EFBC}") = "SteamVR_Editor", "SteamVR_Editor.csproj", "{82227CFE-5C15-10BE-133E-342E10F78A2A}"
EndProject
Project("{FAE04EC0-301F-11D3-BF4B-00C04F79EFBC}") = "Assembly-CSharp-Editor", "Assembly-CSharp-Editor.csproj", "{D166032D-8248-F3E5-9BA8-9AB985A99179}"
EndProject
Project("{FAE04EC0-301F-11D3-BF4B-00C04F79EFBC}") = "SteamVR_Input_Editor", "SteamVR_Input_Editor.csproj", "{FAC4E0B8-C1F4-A070-2633-D8CC8689F0DF}"
EndProject
Project("{FAE04EC0-301F-11D3-BF4B-00C04F79EFBC}") = "SteamVR_Windows_EditorHelper", "SteamVR_Windows_EditorHelper.csproj", "{27E73252-7737-8448-8887-C1C0F0DC941D}"
EndProject
Project("{FAE04EC0-301F-11D3-BF4B-00C04F79EFBC}") = "CircularScrollingList.Editor", "CircularScrollingList.Editor.csproj", "{20BE9043-F134-D03A-2D94-DC0124EB10BC}"
EndProject
Global
	GlobalSection(SolutionConfigurationPlatforms) = preSolution
		Debug|Any CPU = Debug|Any CPU
		Release|Any CPU = Release|Any CPU
	EndGlobalSection
	GlobalSection(ProjectConfigurationPlatforms) = postSolution
		{A61D5A98-A7DB-27DE-7504-32A92662D7AD}.Debug|Any CPU.ActiveCfg = Debug|Any CPU
		{A61D5A98-A7DB-27DE-7504-32A92662D7AD}.Debug|Any CPU.Build.0 = Debug|Any CPU
		{A61D5A98-A7DB-27DE-7504-32A92662D7AD}.Release|Any CPU.ActiveCfg = Release|Any CPU
		{A61D5A98-A7DB-27DE-7504-32A92662D7AD}.Release|Any CPU.Build.0 = Release|Any CPU
		{F7144F4E-CDC3-9303-E802-6C48839FA8E2}.Debug|Any CPU.ActiveCfg = Debug|Any CPU
		{F7144F4E-CDC3-9303-E802-6C48839FA8E2}.Debug|Any CPU.Build.0 = Debug|Any CPU
		{F7144F4E-CDC3-9303-E802-6C48839FA8E2}.Release|Any CPU.ActiveCfg = Release|Any CPU
		{F7144F4E-CDC3-9303-E802-6C48839FA8E2}.Release|Any CPU.Build.0 = Release|Any CPU
		{D59CBFC1-1D6D-B07B-87F4-242D4A7BCBED}.Debug|Any CPU.ActiveCfg = Debug|Any CPU
		{D59CBFC1-1D6D-B07B-87F4-242D4A7BCBED}.Debug|Any CPU.Build.0 = Debug|Any CPU
		{D59CBFC1-1D6D-B07B-87F4-242D4A7BCBED}.Release|Any CPU.ActiveCfg = Release|Any CPU
		{D59CBFC1-1D6D-B07B-87F4-242D4A7BCBED}.Release|Any CPU.Build.0 = Release|Any CPU
		{2DE7AE8C-192A-361B-0111-C7A6692488FA}.Debug|Any CPU.ActiveCfg = Debug|Any CPU
		{2DE7AE8C-192A-361B-0111-C7A6692488FA}.Debug|Any CPU.Build.0 = Debug|Any CPU
		{2DE7AE8C-192A-361B-0111-C7A6692488FA}.Release|Any CPU.ActiveCfg = Release|Any CPU
		{2DE7AE8C-192A-361B-0111-C7A6692488FA}.Release|Any CPU.Build.0 = Release|Any CPU
		{A4074A4E-C33C-049A-E125-6D086B8D9A5E}.Debug|Any CPU.ActiveCfg = Debug|Any CPU
		{A4074A4E-C33C-049A-E125-6D086B8D9A5E}.Debug|Any CPU.Build.0 = Debug|Any CPU
		{A4074A4E-C33C-049A-E125-6D086B8D9A5E}.Release|Any CPU.ActiveCfg = Release|Any CPU
		{A4074A4E-C33C-049A-E125-6D086B8D9A5E}.Release|Any CPU.Build.0 = Release|Any CPU
		{82227CFE-5C15-10BE-133E-342E10F78A2A}.Debug|Any CPU.ActiveCfg = Debug|Any CPU
		{82227CFE-5C15-10BE-133E-342E10F78A2A}.Debug|Any CPU.Build.0 = Debug|Any CPU
		{82227CFE-5C15-10BE-133E-342E10F78A2A}.Release|Any CPU.ActiveCfg = Release|Any CPU
		{82227CFE-5C15-10BE-133E-342E10F78A2A}.Release|Any CPU.Build.0 = Release|Any CPU
		{D166032D-8248-F3E5-9BA8-9AB985A99179}.Debug|Any CPU.ActiveCfg = Debug|Any CPU
		{D166032D-8248-F3E5-9BA8-9AB985A99179}.Debug|Any CPU.Build.0 = Debug|Any CPU
		{D166032D-8248-F3E5-9BA8-9AB985A99179}.Release|Any CPU.ActiveCfg = Release|Any CPU
		{D166032D-8248-F3E5-9BA8-9AB985A99179}.Release|Any CPU.Build.0 = Release|Any CPU
		{FAC4E0B8-C1F4-A070-2633-D8CC8689F0DF}.Debug|Any CPU.ActiveCfg = Debug|Any CPU
		{FAC4E0B8-C1F4-A070-2633-D8CC8689F0DF}.Debug|Any CPU.Build.0 = Debug|Any CPU
		{FAC4E0B8-C1F4-A070-2633-D8CC8689F0DF}.Release|Any CPU.ActiveCfg = Release|Any CPU
		{FAC4E0B8-C1F4-A070-2633-D8CC8689F0DF}.Release|Any CPU.Build.0 = Release|Any CPU
		{27E73252-7737-8448-8887-C1C0F0DC941D}.Debug|Any CPU.ActiveCfg = Debug|Any CPU
		{27E73252-7737-8448-8887-C1C0F0DC941D}.Debug|Any CPU.Build.0 = Debug|Any CPU
		{27E73252-7737-8448-8887-C1C0F0DC941D}.Release|Any CPU.ActiveCfg = Release|Any CPU
		{27E73252-7737-8448-8887-C1C0F0DC941D}.Release|Any CPU.Build.0 = Release|Any CPU
		{20BE9043-F134-D03A-2D94-DC0124EB10BC}.Debug|Any CPU.ActiveCfg = Debug|Any CPU
		{20BE9043-F134-D03A-2D94-DC0124EB10BC}.Debug|Any CPU.Build.0 = Debug|Any CPU
		{20BE9043-F134-D03A-2D94-DC0124EB10BC}.Release|Any CPU.ActiveCfg = Release|Any CPU
		{20BE9043-F134-D03A-2D94-DC0124EB10BC}.Release|Any CPU.Build.0 = Release|Any CPU
	EndGlobalSection
	GlobalSection(SolutionProperties) = preSolution
		HideSolutionNode = FALSE
	EndGlobalSection
EndGlobal
