
Microsoft Visual Studio Solution File, Format Version 12.00
# Visual Studio 15
VisualStudioVersion = 15.0.28307.1972
MinimumVisualStudioVersion = 10.0.40219.1
Project("{FAE04EC0-301F-11D3-BF4B-00C04F79EFBC}") = "5GMR.Server", "SexyBaseball.Server\5GMR.Server.csproj", "{986A88A4-F9A8-44EE-9FE1-A20172002E3B}"
EndProject
Project("{FAE04EC0-301F-11D3-BF4B-00C04F79EFBC}") = "SexyBaseball.ConsoleClient", "SexyBaseball.ConsoleClient\SexyBaseball.ConsoleClient.csproj", "{AA0392A1-951E-4AAF-9B86-07D10B11DA10}"
EndProject
Global
	GlobalSection(SolutionConfigurationPlatforms) = preSolution
		Debug|Any CPU = Debug|Any CPU
		Release|Any CPU = Release|Any CPU
	EndGlobalSection
	GlobalSection(ProjectConfigurationPlatforms) = postSolution
		{986A88A4-F9A8-44EE-9FE1-A20172002E3B}.Debug|Any CPU.ActiveCfg = Debug|Any CPU
		{986A88A4-F9A8-44EE-9FE1-A20172002E3B}.Debug|Any CPU.Build.0 = Debug|Any CPU
		{986A88A4-F9A8-44EE-9FE1-A20172002E3B}.Release|Any CPU.ActiveCfg = Release|Any CPU
		{986A88A4-F9A8-44EE-9FE1-A20172002E3B}.Release|Any CPU.Build.0 = Release|Any CPU
		{AA0392A1-951E-4AAF-9B86-07D10B11DA10}.Debug|Any CPU.ActiveCfg = Debug|Any CPU
		{AA0392A1-951E-4AAF-9B86-07D10B11DA10}.Debug|Any CPU.Build.0 = Debug|Any CPU
		{AA0392A1-951E-4AAF-9B86-07D10B11DA10}.Release|Any CPU.ActiveCfg = Release|Any CPU
		{AA0392A1-951E-4AAF-9B86-07D10B11DA10}.Release|Any CPU.Build.0 = Release|Any CPU
	EndGlobalSection
	GlobalSection(SolutionProperties) = preSolution
		HideSolutionNode = FALSE
	EndGlobalSection
	GlobalSection(ExtensibilityGlobals) = postSolution
		SolutionGuid = {9A96DDBE-9E41-4B86-B9FB-0528B90B567B}
	EndGlobalSection
EndGlobal
